
Microsoft Visual Studio Solution File, Format Version 12.00
Project("{FAE04EC0-301F-11D3-BF4B-00C04F79EFBC}") = "OpenRelay", "OpenRelay\OpenRelay.csproj", "{E2E61FDB-60B0-4B2B-BB19-1F37D86AB3B1}"
EndProject
Global
	GlobalSection(SolutionConfigurationPlatforms) = preSolution
		Debug|Any CPU = Debug|Any CPU
		Release|Any CPU = Release|Any CPU
	EndGlobalSection
	GlobalSection(ProjectConfigurationPlatforms) = postSolution
		{E2E61FDB-60B0-4B2B-BB19-1F37D86AB3B1}.Debug|Any CPU.ActiveCfg = Debug|Any CPU
		{E2E61FDB-60B0-4B2B-BB19-1F37D86AB3B1}.Debug|Any CPU.Build.0 = Debug|Any CPU
		{E2E61FDB-60B0-4B2B-BB19-1F37D86AB3B1}.Release|Any CPU.ActiveCfg = Release|Any CPU
		{E2E61FDB-60B0-4B2B-BB19-1F37D86AB3B1}.Release|Any CPU.Build.0 = Release|Any CPU
	EndGlobalSection
EndGlobal
